// !$*UTF8*$!
{
	archiveVersion = 1;
	classes = {
	};
	objectVersion = 50;
	objects = {

/* Begin PBXBuildFile section */
		FDAF389523A91EC1001BAD6C /* DataModel.xcdatamodeld in Sources */ = {isa = PBXBuildFile; fileRef = FDAF389323A91EC1001BAD6C /* DataModel.xcdatamodeld */; };
		FDAF38BC23B38087001BAD6C /* CategoryViewController.swift in Sources */ = {isa = PBXBuildFile; fileRef = FDAF38BB23B38087001BAD6C /* CategoryViewController.swift */; };
		FDB435FB2394082A00170D73 /* AppDelegate.swift in Sources */ = {isa = PBXBuildFile; fileRef = FDB435FA2394082A00170D73 /* AppDelegate.swift */; };
		FDB435FD2394082A00170D73 /* SceneDelegate.swift in Sources */ = {isa = PBXBuildFile; fileRef = FDB435FC2394082A00170D73 /* SceneDelegate.swift */; };
		FDB435FF2394082A00170D73 /* TodoListViewController.swift in Sources */ = {isa = PBXBuildFile; fileRef = FDB435FE2394082A00170D73 /* TodoListViewController.swift */; };
		FDB436022394082A00170D73 /* Main.storyboard in Resources */ = {isa = PBXBuildFile; fileRef = FDB436002394082A00170D73 /* Main.storyboard */; };
		FDB436042394082B00170D73 /* Assets.xcassets in Resources */ = {isa = PBXBuildFile; fileRef = FDB436032394082B00170D73 /* Assets.xcassets */; };
		FDB436072394082B00170D73 /* LaunchScreen.storyboard in Resources */ = {isa = PBXBuildFile; fileRef = FDB436052394082B00170D73 /* LaunchScreen.storyboard */; };
/* End PBXBuildFile section */

/* Begin PBXFileReference section */
		FDAF389423A91EC1001BAD6C /* DataModel.xcdatamodel */ = {isa = PBXFileReference; lastKnownFileType = wrapper.xcdatamodel; path = DataModel.xcdatamodel; sourceTree = "<group>"; };
		FDAF38BB23B38087001BAD6C /* CategoryViewController.swift */ = {isa = PBXFileReference; lastKnownFileType = sourcecode.swift; path = CategoryViewController.swift; sourceTree = "<group>"; };
		FDB435F72394082A00170D73 /* Todoey.app */ = {isa = PBXFileReference; explicitFileType = wrapper.application; includeInIndex = 0; path = Todoey.app; sourceTree = BUILT_PRODUCTS_DIR; };
		FDB435FA2394082A00170D73 /* AppDelegate.swift */ = {isa = PBXFileReference; lastKnownFileType = sourcecode.swift; path = AppDelegate.swift; sourceTree = "<group>"; };
		FDB435FC2394082A00170D73 /* SceneDelegate.swift */ = {isa = PBXFileReference; lastKnownFileType = sourcecode.swift; path = SceneDelegate.swift; sourceTree = "<group>"; };
		FDB435FE2394082A00170D73 /* TodoListViewController.swift */ = {isa = PBXFileReference; lastKnownFileType = sourcecode.swift; path = TodoListViewController.swift; sourceTree = "<group>"; };
		FDB436012394082A00170D73 /* Base */ = {isa = PBXFileReference; lastKnownFileType = file.storyboard; name = Base; path = Base.lproj/Main.storyboard; sourceTree = "<group>"; };
		FDB436032394082B00170D73 /* Assets.xcassets */ = {isa = PBXFileReference; lastKnownFileType = folder.assetcatalog; path = Assets.xcassets; sourceTree = "<group>"; };
		FDB436062394082B00170D73 /* Base */ = {isa = PBXFileReference; lastKnownFileType = file.storyboard; name = Base; path = Base.lproj/LaunchScreen.storyboard; sourceTree = "<group>"; };
		FDB436082394082B00170D73 /* Info.plist */ = {isa = PBXFileReference; lastKnownFileType = text.plist.xml; path = Info.plist; sourceTree = "<group>"; };
/* End PBXFileReference section */

/* Begin PBXFrameworksBuildPhase section */
		FDB435F42394082A00170D73 /* Frameworks */ = {
			isa = PBXFrameworksBuildPhase;
			buildActionMask = 2147483647;
			files = (
			);
			runOnlyForDeploymentPostprocessing = 0;
		};
/* End PBXFrameworksBuildPhase section */

/* Begin PBXGroup section */
		FDB435EE2394082A00170D73 = {
			isa = PBXGroup;
			children = (
				FDB435F92394082A00170D73 /* Todoey */,
				FDB435F82394082A00170D73 /* Products */,
			);
			sourceTree = "<group>";
		};
		FDB435F82394082A00170D73 /* Products */ = {
			isa = PBXGroup;
			children = (
				FDB435F72394082A00170D73 /* Todoey.app */,
			);
			name = Products;
			sourceTree = "<group>";
		};
		FDB435F92394082A00170D73 /* Todoey */ = {
			isa = PBXGroup;
			children = (
				FDB435FA2394082A00170D73 /* AppDelegate.swift */,
				FDB435FC2394082A00170D73 /* SceneDelegate.swift */,
				FDDDB7AC23A7AA4F00D8CFFC /* Data Models */,
				FDDDB7AF23A7AAF400D8CFFC /* Controllers */,
				FDDDB7B023A7AB0000D8CFFC /* Views */,
				FDDDB7B123A7AB1100D8CFFC /* Supporting Files */,
				FDB436082394082B00170D73 /* Info.plist */,
			);
			path = Todoey;
			sourceTree = "<group>";
		};
		FDDDB7AC23A7AA4F00D8CFFC /* Data Models */ = {
			isa = PBXGroup;
			children = (
				FDAF389323A91EC1001BAD6C /* DataModel.xcdatamodeld */,
			);
			path = "Data Models";
			sourceTree = "<group>";
		};
		FDDDB7AF23A7AAF400D8CFFC /* Controllers */ = {
			isa = PBXGroup;
			children = (
				FDAF38BB23B38087001BAD6C /* CategoryViewController.swift */,
				FDB435FE2394082A00170D73 /* TodoListViewController.swift */,
			);
			path = Controllers;
			sourceTree = "<group>";
		};
		FDDDB7B023A7AB0000D8CFFC /* Views */ = {
			isa = PBXGroup;
			children = (
				FDB436002394082A00170D73 /* Main.storyboard */,
			);
			path = Views;
			sourceTree = "<group>";
		};
		FDDDB7B123A7AB1100D8CFFC /* Supporting Files */ = {
			isa = PBXGroup;
			children = (
				FDB436032394082B00170D73 /* Assets.xcassets */,
				FDB436052394082B00170D73 /* LaunchScreen.storyboard */,
			);
			path = "Supporting Files";
			sourceTree = "<group>";
		};
/* End PBXGroup section */

/* Begin PBXNativeTarget section */
		FDB435F62394082A00170D73 /* Todoey */ = {
			isa = PBXNativeTarget;
			buildConfigurationList = FDB4360B2394082B00170D73 /* Build configuration list for PBXNativeTarget "Todoey" */;
			buildPhases = (
				FDB435F32394082A00170D73 /* Sources */,
				FDB435F42394082A00170D73 /* Frameworks */,
				FDB435F52394082A00170D73 /* Resources */,
			);
			buildRules = (
			);
			dependencies = (
			);
			name = Todoey;
			productName = Todoey;
			productReference = FDB435F72394082A00170D73 /* Todoey.app */;
			productType = "com.apple.product-type.application";
		};
/* End PBXNativeTarget section */

/* Begin PBXProject section */
		FDB435EF2394082A00170D73 /* Project object */ = {
			isa = PBXProject;
			attributes = {
				LastSwiftUpdateCheck = 1120;
				LastUpgradeCheck = 1120;
				ORGANIZATIONNAME = "Tomer Mildworth";
				TargetAttributes = {
					FDB435F62394082A00170D73 = {
						CreatedOnToolsVersion = 11.2.1;
					};
				};
			};
			buildConfigurationList = FDB435F22394082A00170D73 /* Build configuration list for PBXProject "Todoey" */;
			compatibilityVersion = "Xcode 9.3";
			developmentRegion = en;
			hasScannedForEncodings = 0;
			knownRegions = (
				en,
				Base,
			);
			mainGroup = FDB435EE2394082A00170D73;
			productRefGroup = FDB435F82394082A00170D73 /* Products */;
			projectDirPath = "";
			projectRoot = "";
			targets = (
				FDB435F62394082A00170D73 /* Todoey */,
			);
		};
/* End PBXProject section */

/* Begin PBXResourcesBuildPhase section */
		FDB435F52394082A00170D73 /* Resources */ = {
			isa = PBXResourcesBuildPhase;
			buildActionMask = 2147483647;
			files = (
				FDB436072394082B00170D73 /* LaunchScreen.storyboard in Resources */,
				FDB436042394082B00170D73 /* Assets.xcassets in Resources */,
				FDB436022394082A00170D73 /* Main.storyboard in Resources */,
			);
			runOnlyForDeploymentPostprocessing = 0;
		};
/* End PBXResourcesBuildPhase section */

/* Begin PBXSourcesBuildPhase section */
		FDB435F32394082A00170D73 /* Sources */ = {
			isa = PBXSourcesBuildPhase;
			buildActionMask = 2147483647;
			files = (
				FDAF389523A91EC1001BAD6C /* DataModel.xcdatamodeld in Sources */,
				FDB435FF2394082A00170D73 /* TodoListViewController.swift in Sources */,
				FDB435FB2394082A00170D73 /* AppDelegate.swift in Sources */,
				FDAF38BC23B38087001BAD6C /* CategoryViewController.swift in Sources */,
				FDB435FD2394082A00170D73 /* SceneDelegate.swift in Sources */,
			);
			runOnlyForDeploymentPostprocessing = 0;
		};
/* End PBXSourcesBuildPhase section */

/* Begin PBXVariantGroup section */
		FDB436002394082A00170D73 /* Main.storyboard */ = {
			isa = PBXVariantGroup;
			children = (
				FDB436012394082A00170D73 /* Base */,
			);
			name = Main.storyboard;
			sourceTree = "<group>";
		};
		FDB436052394082B00170D73 /* LaunchScreen.storyboard */ = {
			isa = PBXVariantGroup;
			children = (
				FDB436062394082B00170D73 /* Base */,
			);
			name = LaunchScreen.storyboard;
			sourceTree = "<group>";
		};
/* End PBXVariantGroup section */

/* Begin XCBuildConfiguration section */
		FDB436092394082B00170D73 /* Debug */ = {
			isa = XCBuildConfiguration;
			buildSettings = {
				ALWAYS_SEARCH_USER_PATHS = NO;
				CLANG_ANALYZER_NONNULL = YES;
				CLANG_ANALYZER_NUMBER_OBJECT_CONVERSION = YES_AGGRESSIVE;
				CLANG_CXX_LANGUAGE_STANDARD = "gnu++14";
				CLANG_CXX_LIBRARY = "libc++";
				CLANG_ENABLE_MODULES = YES;
				CLANG_ENABLE_OBJC_ARC = YES;
				CLANG_ENABLE_OBJC_WEAK = YES;
				CLANG_WARN_BLOCK_CAPTURE_AUTORELEASING = YES;
				CLANG_WARN_BOOL_CONVERSION = YES;
				CLANG_WARN_COMMA = YES;
				CLANG_WARN_CONSTANT_CONVERSION = YES;
				CLANG_WARN_DEPRECATED_OBJC_IMPLEMENTATIONS = YES;
				CLANG_WARN_DIRECT_OBJC_ISA_USAGE = YES_ERROR;
				CLANG_WARN_DOCUMENTATION_COMMENTS = YES;
				CLANG_WARN_EMPTY_BODY = YES;
				CLANG_WARN_ENUM_CONVERSION = YES;
				CLANG_WARN_INFINITE_RECURSION = YES;
				CLANG_WARN_INT_CONVERSION = YES;
				CLANG_WARN_NON_LITERAL_NULL_CONVERSION = YES;
				CLANG_WARN_OBJC_IMPLICIT_RETAIN_SELF = YES;
				CLANG_WARN_OBJC_LITERAL_CONVERSION = YES;
				CLANG_WARN_OBJC_ROOT_CLASS = YES_ERROR;
				CLANG_WARN_RANGE_LOOP_ANALYSIS = YES;
				CLANG_WARN_STRICT_PROTOTYPES = YES;
				CLANG_WARN_SUSPICIOUS_MOVE = YES;
				CLANG_WARN_UNGUARDED_AVAILABILITY = YES_AGGRESSIVE;
				CLANG_WARN_UNREACHABLE_CODE = YES;
				CLANG_WARN__DUPLICATE_METHOD_MATCH = YES;
				COPY_PHASE_STRIP = NO;
				DEBUG_INFORMATION_FORMAT = dwarf;
				ENABLE_STRICT_OBJC_MSGSEND = YES;
				ENABLE_TESTABILITY = YES;
				GCC_C_LANGUAGE_STANDARD = gnu11;
				GCC_DYNAMIC_NO_PIC = NO;
				GCC_NO_COMMON_BLOCKS = YES;
				GCC_OPTIMIZATION_LEVEL = 0;
				GCC_PREPROCESSOR_DEFINITIONS = (
					"DEBUG=1",
					"$(inherited)",
				);
				GCC_WARN_64_TO_32_BIT_CONVERSION = YES;
				GCC_WARN_ABOUT_RETURN_TYPE = YES_ERROR;
				GCC_WARN_UNDECLARED_SELECTOR = YES;
				GCC_WARN_UNINITIALIZED_AUTOS = YES_AGGRESSIVE;
				GCC_WARN_UNUSED_FUNCTION = YES;
				GCC_WARN_UNUSED_VARIABLE = YES;
				IPHONEOS_DEPLOYMENT_TARGET = 13.2;
				MTL_ENABLE_DEBUG_INFO = INCLUDE_SOURCE;
				MTL_FAST_MATH = YES;
				ONLY_ACTIVE_ARCH = YES;
				SDKROOT = iphoneos;
				SWIFT_ACTIVE_COMPILATION_CONDITIONS = DEBUG;
				SWIFT_OPTIMIZATION_LEVEL = "-Onone";
			};
			name = Debug;
		};
		FDB4360A2394082B00170D73 /* Release */ = {
			isa = XCBuildConfiguration;
			buildSettings = {
				ALWAYS_SEARCH_USER_PATHS = NO;
				CLANG_ANALYZER_NONNULL = YES;
				CLANG_ANALYZER_NUMBER_OBJECT_CONVERSION = YES_AGGRESSIVE;
				CLANG_CXX_LANGUAGE_STANDARD = "gnu++14";
				CLANG_CXX_LIBRARY = "libc++";
				CLANG_ENABLE_MODULES = YES;
				CLANG_ENABLE_OBJC_ARC = YES;
				CLANG_ENABLE_OBJC_WEAK = YES;
				CLANG_WARN_BLOCK_CAPTURE_AUTORELEASING = YES;
				CLANG_WARN_BOOL_CONVERSION = YES;
				CLANG_WARN_COMMA = YES;
				CLANG_WARN_CONSTANT_CONVERSION = YES;
				CLANG_WARN_DEPRECATED_OBJC_IMPLEMENTATIONS = YES;
				CLANG_WARN_DIRECT_OBJC_ISA_USAGE = YES_ERROR;
				CLANG_WARN_DOCUMENTATION_COMMENTS = YES;
				CLANG_WARN_EMPTY_BODY = YES;
				CLANG_WARN_ENUM_CONVERSION = YES;
				CLANG_WARN_INFINITE_RECURSION = YES;
				CLANG_WARN_INT_CONVERSION = YES;
				CLANG_WARN_NON_LITERAL_NULL_CONVERSION = YES;
				CLANG_WARN_OBJC_IMPLICIT_RETAIN_SELF = YES;
				CLANG_WARN_OBJC_LITERAL_CONVERSION = YES;
				CLANG_WARN_OBJC_ROOT_CLASS = YES_ERROR;
				CLANG_WARN_RANGE_LOOP_ANALYSIS = YES;
				CLANG_WARN_STRICT_PROTOTYPES = YES;
				CLANG_WARN_SUSPICIOUS_MOVE = YES;
				CLANG_WARN_UNGUARDED_AVAILABILITY = YES_AGGRESSIVE;
				CLANG_WARN_UNREACHABLE_CODE = YES;
				CLANG_WARN__DUPLICATE_METHOD_MATCH = YES;
				COPY_PHASE_STRIP = NO;
				DEBUG_INFORMATION_FORMAT = "dwarf-with-dsym";
				ENABLE_NS_ASSERTIONS = NO;
				ENABLE_STRICT_OBJC_MSGSEND = YES;
				GCC_C_LANGUAGE_STANDARD = gnu11;
				GCC_NO_COMMON_BLOCKS = YES;
				GCC_WARN_64_TO_32_BIT_CONVERSION = YES;
				GCC_WARN_ABOUT_RETURN_TYPE = YES_ERROR;
				GCC_WARN_UNDECLARED_SELECTOR = YES;
				GCC_WARN_UNINITIALIZED_AUTOS = YES_AGGRESSIVE;
				GCC_WARN_UNUSED_FUNCTION = YES;
				GCC_WARN_UNUSED_VARIABLE = YES;
				IPHONEOS_DEPLOYMENT_TARGET = 13.2;
				MTL_ENABLE_DEBUG_INFO = NO;
				MTL_FAST_MATH = YES;
				SDKROOT = iphoneos;
				SWIFT_COMPILATION_MODE = wholemodule;
				SWIFT_OPTIMIZATION_LEVEL = "-O";
				VALIDATE_PRODUCT = YES;
			};
			name = Release;
		};
		FDB4360C2394082B00170D73 /* Debug */ = {
			isa = XCBuildConfiguration;
			buildSettings = {
				ASSETCATALOG_COMPILER_APPICON_NAME = AppIcon;
				CODE_SIGN_STYLE = Automatic;
				DEVELOPMENT_TEAM = 3XVNT44VU3;
				INFOPLIST_FILE = Todoey/Info.plist;
				LD_RUNPATH_SEARCH_PATHS = (
					"$(inherited)",
					"@executable_path/Frameworks",
				);
				PRODUCT_BUNDLE_IDENTIFIER = com.tomermildworth.Todoey;
				PRODUCT_NAME = "$(TARGET_NAME)";
				SWIFT_VERSION = 5.0;
				TARGETED_DEVICE_FAMILY = "1,2";
			};
			name = Debug;
		};
		FDB4360D2394082B00170D73 /* Release */ = {
			isa = XCBuildConfiguration;
			buildSettings = {
				ASSETCATALOG_COMPILER_APPICON_NAME = AppIcon;
				CODE_SIGN_STYLE = Automatic;
				DEVELOPMENT_TEAM = 3XVNT44VU3;
				INFOPLIST_FILE = Todoey/Info.plist;
				LD_RUNPATH_SEARCH_PATHS = (
					"$(inherited)",
					"@executable_path/Frameworks",
				);
				PRODUCT_BUNDLE_IDENTIFIER = com.tomermildworth.Todoey;
				PRODUCT_NAME = "$(TARGET_NAME)";
				SWIFT_VERSION = 5.0;
				TARGETED_DEVICE_FAMILY = "1,2";
			};
			name = Release;
		};
/* End XCBuildConfiguration section */

/* Begin XCConfigurationList section */
		FDB435F22394082A00170D73 /* Build configuration list for PBXProject "Todoey" */ = {
			isa = XCConfigurationList;
			buildConfigurations = (
				FDB436092394082B00170D73 /* Debug */,
				FDB4360A2394082B00170D73 /* Release */,
			);
			defaultConfigurationIsVisible = 0;
			defaultConfigurationName = Release;
		};
		FDB4360B2394082B00170D73 /* Build configuration list for PBXNativeTarget "Todoey" */ = {
			isa = XCConfigurationList;
			buildConfigurations = (
				FDB4360C2394082B00170D73 /* Debug */,
				FDB4360D2394082B00170D73 /* Release */,
			);
			defaultConfigurationIsVisible = 0;
			defaultConfigurationName = Release;
		};
/* End XCConfigurationList section */

/* Begin XCVersionGroup section */
		FDAF389323A91EC1001BAD6C /* DataModel.xcdatamodeld */ = {
			isa = XCVersionGroup;
			children = (
				FDAF389423A91EC1001BAD6C /* DataModel.xcdatamodel */,
			);
			currentVersion = FDAF389423A91EC1001BAD6C /* DataModel.xcdatamodel */;
			name = DataModel.xcdatamodeld;
			path = ../Controllers/DataModel.xcdatamodeld;
			sourceTree = "<group>";
			versionGroupType = wrapper.xcdatamodel;
		};
/* End XCVersionGroup section */
	};
	rootObject = FDB435EF2394082A00170D73 /* Project object */;
}
